
Microsoft Visual Studio Solution File, Format Version 12.00
# Visual Studio Version 17
VisualStudioVersion = 17.3.32901.215
MinimumVisualStudioVersion = 10.0.40219.1
Project("{FAE04EC0-301F-11D3-BF4B-00C04F79EFBC}") = "StringCalculator.Domain", "StringCalculator.Domain\StringCalculator.Domain.csproj", "{67384382-B8F8-4E98-B56C-E254A9993FF8}"
EndProject
Project("{FAE04EC0-301F-11D3-BF4B-00C04F79EFBC}") = "StringCalculator.UnitTests", "StringCalculator.UnitTests\StringCalculator.UnitTests.csproj", "{4FB2A79E-5EFD-4583-8D81-78D43EAE61D3}"
EndProject
Global
	GlobalSection(SolutionConfigurationPlatforms) = preSolution
		Debug|Any CPU = Debug|Any CPU
		Release|Any CPU = Release|Any CPU
	EndGlobalSection
	GlobalSection(ProjectConfigurationPlatforms) = postSolution
		{67384382-B8F8-4E98-B56C-E254A9993FF8}.Debug|Any CPU.ActiveCfg = Debug|Any CPU
		{67384382-B8F8-4E98-B56C-E254A9993FF8}.Debug|Any CPU.Build.0 = Debug|Any CPU
		{67384382-B8F8-4E98-B56C-E254A9993FF8}.Release|Any CPU.ActiveCfg = Release|Any CPU
		{67384382-B8F8-4E98-B56C-E254A9993FF8}.Release|Any CPU.Build.0 = Release|Any CPU
		{4FB2A79E-5EFD-4583-8D81-78D43EAE61D3}.Debug|Any CPU.ActiveCfg = Debug|Any CPU
		{4FB2A79E-5EFD-4583-8D81-78D43EAE61D3}.Debug|Any CPU.Build.0 = Debug|Any CPU
		{4FB2A79E-5EFD-4583-8D81-78D43EAE61D3}.Release|Any CPU.ActiveCfg = Release|Any CPU
		{4FB2A79E-5EFD-4583-8D81-78D43EAE61D3}.Release|Any CPU.Build.0 = Release|Any CPU
	EndGlobalSection
	GlobalSection(SolutionProperties) = preSolution
		HideSolutionNode = FALSE
	EndGlobalSection
	GlobalSection(ExtensibilityGlobals) = postSolution
		SolutionGuid = {C6CEC7BD-5DC7-4DCE-A159-EE3E2C55186D}
	EndGlobalSection
EndGlobal
